
Microsoft Visual Studio Solution File, Format Version 12.00
# Visual Studio Version 17
VisualStudioVersion = 17.10.35027.167
MinimumVisualStudioVersion = 10.0.40219.1
Project("{FAE04EC0-301F-11D3-BF4B-00C04F79EFBC}") = "Person_tz2", "Person_tz2\Person_tz2.csproj", "{571F3D3B-52F8-4E73-9EED-DEF78FB29023}"
EndProject
Global
	GlobalSection(SolutionConfigurationPlatforms) = preSolution
		Debug|Any CPU = Debug|Any CPU
		Release|Any CPU = Release|Any CPU
	EndGlobalSection
	GlobalSection(ProjectConfigurationPlatforms) = postSolution
		{571F3D3B-52F8-4E73-9EED-DEF78FB29023}.Debug|Any CPU.ActiveCfg = Debug|Any CPU
		{571F3D3B-52F8-4E73-9EED-DEF78FB29023}.Debug|Any CPU.Build.0 = Debug|Any CPU
		{571F3D3B-52F8-4E73-9EED-DEF78FB29023}.Release|Any CPU.ActiveCfg = Release|Any CPU
		{571F3D3B-52F8-4E73-9EED-DEF78FB29023}.Release|Any CPU.Build.0 = Release|Any CPU
	EndGlobalSection
	GlobalSection(SolutionProperties) = preSolution
		HideSolutionNode = FALSE
	EndGlobalSection
	GlobalSection(ExtensibilityGlobals) = postSolution
		SolutionGuid = {60A0CB19-BC56-418D-97EB-512D7D5CB8E3}
	EndGlobalSection
EndGlobal
